{
  "name": "web-portfolio",
  "version": "1.0.0",
  "lockfileVersion": 2,
  "requires": true,
  "packages": {
    "": {
      "name": "web-portfolio",
      "version": "1.0.0",
      "license": "ISC",
      "dependencies": {
        "css-doodle": "^0.26.3"
      }
    },
    "node_modules/css-doodle": {
      "version": "0.26.3",
      "resolved": "https://registry.npmjs.org/css-doodle/-/css-doodle-0.26.3.tgz",
      "integrity": "sha512-gHLGiADwj0nWwv47tIsr8ln8TRTJgj/u+HHkxXXNK/3LfEzCSrv6GP45KHrwRMcPVXLaE0D/Dr9IB9F8lsKeCA==",
      "funding": {
        "type": "opencollective",
        "url": "https://opencollective.com/css-doodle"
      }
    }
  },
  "dependencies": {
    "css-doodle": {
      "version": "0.26.3",
      "resolved": "https://registry.npmjs.org/css-doodle/-/css-doodle-0.26.3.tgz",
      "integrity": "sha512-gHLGiADwj0nWwv47tIsr8ln8TRTJgj/u+HHkxXXNK/3LfEzCSrv6GP45KHrwRMcPVXLaE0D/Dr9IB9F8lsKeCA=="
    }
  }
}
